
Microsoft Visual Studio Solution File, Format Version 12.00
Project("{FAE04EC0-301F-11D3-BF4B-00C04F79EFBC}") = "SpellChecker", "SpellChecker\SpellChecker.csproj", "{3CF52E62-62BF-487B-A2A5-FEFCCB57972E}"
EndProject
Global
	GlobalSection(SolutionConfigurationPlatforms) = preSolution
		Debug|Any CPU = Debug|Any CPU
		Release|Any CPU = Release|Any CPU
	EndGlobalSection
	GlobalSection(ProjectConfigurationPlatforms) = postSolution
		{3CF52E62-62BF-487B-A2A5-FEFCCB57972E}.Debug|Any CPU.ActiveCfg = Debug|Any CPU
		{3CF52E62-62BF-487B-A2A5-FEFCCB57972E}.Debug|Any CPU.Build.0 = Debug|Any CPU
		{3CF52E62-62BF-487B-A2A5-FEFCCB57972E}.Release|Any CPU.ActiveCfg = Release|Any CPU
		{3CF52E62-62BF-487B-A2A5-FEFCCB57972E}.Release|Any CPU.Build.0 = Release|Any CPU
	EndGlobalSection
EndGlobal
